
Microsoft Visual Studio Solution File, Format Version 12.00
# Visual Studio Version 16
VisualStudioVersion = 16.0.31402.337
MinimumVisualStudioVersion = 10.0.40219.1
Project("{9A19103F-16F7-4668-BE54-9A1E7A4F7556}") = "LovenseAPI", "LovenseAPI.csproj", "{426C4FF3-3F29-4227-BEAA-2D998557F741}"
EndProject
Project("{FAE04EC0-301F-11D3-BF4B-00C04F79EFBC}") = "DocHelper", "..\DocHelper\DocHelper.csproj", "{6B5F7AD7-CC2E-4FDD-A205-E88A010CA40A}"
EndProject
Global
	GlobalSection(SolutionConfigurationPlatforms) = preSolution
		Debug|Any CPU = Debug|Any CPU
		Release|Any CPU = Release|Any CPU
	EndGlobalSection
	GlobalSection(ProjectConfigurationPlatforms) = postSolution
		{426C4FF3-3F29-4227-BEAA-2D998557F741}.Debug|Any CPU.ActiveCfg = Debug|Any CPU
		{426C4FF3-3F29-4227-BEAA-2D998557F741}.Debug|Any CPU.Build.0 = Debug|Any CPU
		{426C4FF3-3F29-4227-BEAA-2D998557F741}.Release|Any CPU.ActiveCfg = Release|Any CPU
		{426C4FF3-3F29-4227-BEAA-2D998557F741}.Release|Any CPU.Build.0 = Release|Any CPU
		{6B5F7AD7-CC2E-4FDD-A205-E88A010CA40A}.Debug|Any CPU.ActiveCfg = Debug|Any CPU
		{6B5F7AD7-CC2E-4FDD-A205-E88A010CA40A}.Debug|Any CPU.Build.0 = Debug|Any CPU
		{6B5F7AD7-CC2E-4FDD-A205-E88A010CA40A}.Release|Any CPU.ActiveCfg = Release|Any CPU
		{6B5F7AD7-CC2E-4FDD-A205-E88A010CA40A}.Release|Any CPU.Build.0 = Release|Any CPU
	EndGlobalSection
	GlobalSection(SolutionProperties) = preSolution
		HideSolutionNode = FALSE
	EndGlobalSection
	GlobalSection(ExtensibilityGlobals) = postSolution
		SolutionGuid = {0CB1A1A2-4F0F-4689-BAF1-C52CF2D35063}
	EndGlobalSection
EndGlobal
